
Microsoft Visual Studio Solution File, Format Version 12.00
# Visual Studio Version 17
VisualStudioVersion = 17.1.32407.343
MinimumVisualStudioVersion = 10.0.40219.1
Project("{FAE04EC0-301F-11D3-BF4B-00C04F79EFBC}") = "testnexus", "testnexus\testnexus.csproj", "{C32387C7-B998-42D4-858B-B96D2A4D0173}"
EndProject
Global
	GlobalSection(SolutionConfigurationPlatforms) = preSolution
		Debug|Any CPU = Debug|Any CPU
		Release|Any CPU = Release|Any CPU
	EndGlobalSection
	GlobalSection(ProjectConfigurationPlatforms) = postSolution
		{C32387C7-B998-42D4-858B-B96D2A4D0173}.Debug|Any CPU.ActiveCfg = Debug|Any CPU
		{C32387C7-B998-42D4-858B-B96D2A4D0173}.Debug|Any CPU.Build.0 = Debug|Any CPU
		{C32387C7-B998-42D4-858B-B96D2A4D0173}.Release|Any CPU.ActiveCfg = Release|Any CPU
		{C32387C7-B998-42D4-858B-B96D2A4D0173}.Release|Any CPU.Build.0 = Release|Any CPU
	EndGlobalSection
	GlobalSection(SolutionProperties) = preSolution
		HideSolutionNode = FALSE
	EndGlobalSection
	GlobalSection(ExtensibilityGlobals) = postSolution
		SolutionGuid = {72645864-CB89-4B12-8797-D15C220EE49E}
	EndGlobalSection
EndGlobal
